
Microsoft Visual Studio Solution File, Format Version 12.00
# Visual Studio Version 16
VisualStudioVersion = 16.0.30320.27
MinimumVisualStudioVersion = 10.0.40219.1
Project("{9A19103F-16F7-4668-BE54-9A1E7A4F7556}") = "bookstoreAPI", "WebApi\bookstoreAPI.csproj", "{9D123B96-F0E0-43F9-8E06-BBB6E6846DD6}"
EndProject
Project("{9A19103F-16F7-4668-BE54-9A1E7A4F7556}") = "Application", "Application\Application.csproj", "{340CA135-B7A9-48CE-87D7-92C2BA7C0B07}"
EndProject
Project("{9A19103F-16F7-4668-BE54-9A1E7A4F7556}") = "Common", "Common\Common.csproj", "{67DB4F26-179E-41ED-B940-655FF70DA49D}"
EndProject
Project("{9A19103F-16F7-4668-BE54-9A1E7A4F7556}") = "Domain", "Domain\Domain.csproj", "{995CFDDC-14EB-4395-8FB5-B587BFF3AF8F}"
EndProject
Project("{2150E333-8FDC-42A3-9474-1A3956D46DE8}") = "ApplicationCore", "ApplicationCore", "{55EFD2F6-2211-4882-B1BA-D603EAF46107}"
EndProject
Project("{2150E333-8FDC-42A3-9474-1A3956D46DE8}") = "Presentation", "Presentation", "{2D2E020A-7FB5-4C93-BE52-39D07EFEF3DF}"
EndProject
Project("{2150E333-8FDC-42A3-9474-1A3956D46DE8}") = "Infrastructure", "Infrastructure", "{B94043AE-C55E-4F46-91A8-E06FFA1A300B}"
EndProject
Project("{9A19103F-16F7-4668-BE54-9A1E7A4F7556}") = "Repository.EntityFramework", "Repository.EntityFramework\Repository.EntityFramework.csproj", "{ED4FBE3E-3B16-4FD2-AB1E-5BFD34CA32E4}"
EndProject
Project("{2150E333-8FDC-42A3-9474-1A3956D46DE8}") = "Solution Items", "Solution Items", "{83805104-8F46-466F-B0ED-0BB5F2DDE591}"
	ProjectSection(SolutionItems) = preProject
		readme.md = readme.md
	EndProjectSection
EndProject
Project("{9A19103F-16F7-4668-BE54-9A1E7A4F7556}") = "Integration", "Integration\Integration.csproj", "{DE067989-5456-45F9-98D6-99E5BD42C6B6}"
EndProject
Project("{9A19103F-16F7-4668-BE54-9A1E7A4F7556}") = "Authentication", "Authentication\Authentication.csproj", "{327BACD9-E2F0-4901-8B2E-1639B7FCED6D}"
EndProject
Project("{9A19103F-16F7-4668-BE54-9A1E7A4F7556}") = "Integration.Email", "Integration.Email\Integration.Email.csproj", "{0CDA2A3C-9CAD-4BA5-80B3-F63116337FE0}"
EndProject
Global
	GlobalSection(SolutionConfigurationPlatforms) = preSolution
		Debug|Any CPU = Debug|Any CPU
		Debug|x86 = Debug|x86
		Release|Any CPU = Release|Any CPU
		Release|x86 = Release|x86
	EndGlobalSection
	GlobalSection(ProjectConfigurationPlatforms) = postSolution
		{9D123B96-F0E0-43F9-8E06-BBB6E6846DD6}.Debug|Any CPU.ActiveCfg = Debug|Any CPU
		{9D123B96-F0E0-43F9-8E06-BBB6E6846DD6}.Debug|Any CPU.Build.0 = Debug|Any CPU
		{9D123B96-F0E0-43F9-8E06-BBB6E6846DD6}.Debug|x86.ActiveCfg = Debug|Any CPU
		{9D123B96-F0E0-43F9-8E06-BBB6E6846DD6}.Debug|x86.Build.0 = Debug|Any CPU
		{9D123B96-F0E0-43F9-8E06-BBB6E6846DD6}.Release|Any CPU.ActiveCfg = Release|Any CPU
		{9D123B96-F0E0-43F9-8E06-BBB6E6846DD6}.Release|Any CPU.Build.0 = Release|Any CPU
		{9D123B96-F0E0-43F9-8E06-BBB6E6846DD6}.Release|x86.ActiveCfg = Release|Any CPU
		{9D123B96-F0E0-43F9-8E06-BBB6E6846DD6}.Release|x86.Build.0 = Release|Any CPU
		{340CA135-B7A9-48CE-87D7-92C2BA7C0B07}.Debug|Any CPU.ActiveCfg = Debug|Any CPU
		{340CA135-B7A9-48CE-87D7-92C2BA7C0B07}.Debug|Any CPU.Build.0 = Debug|Any CPU
		{340CA135-B7A9-48CE-87D7-92C2BA7C0B07}.Debug|x86.ActiveCfg = Debug|x86
		{340CA135-B7A9-48CE-87D7-92C2BA7C0B07}.Debug|x86.Build.0 = Debug|x86
		{340CA135-B7A9-48CE-87D7-92C2BA7C0B07}.Release|Any CPU.ActiveCfg = Release|Any CPU
		{340CA135-B7A9-48CE-87D7-92C2BA7C0B07}.Release|Any CPU.Build.0 = Release|Any CPU
		{340CA135-B7A9-48CE-87D7-92C2BA7C0B07}.Release|x86.ActiveCfg = Release|x86
		{340CA135-B7A9-48CE-87D7-92C2BA7C0B07}.Release|x86.Build.0 = Release|x86
		{67DB4F26-179E-41ED-B940-655FF70DA49D}.Debug|Any CPU.ActiveCfg = Debug|Any CPU
		{67DB4F26-179E-41ED-B940-655FF70DA49D}.Debug|Any CPU.Build.0 = Debug|Any CPU
		{67DB4F26-179E-41ED-B940-655FF70DA49D}.Debug|x86.ActiveCfg = Debug|x86
		{67DB4F26-179E-41ED-B940-655FF70DA49D}.Debug|x86.Build.0 = Debug|x86
		{67DB4F26-179E-41ED-B940-655FF70DA49D}.Release|Any CPU.ActiveCfg = Release|Any CPU
		{67DB4F26-179E-41ED-B940-655FF70DA49D}.Release|Any CPU.Build.0 = Release|Any CPU
		{67DB4F26-179E-41ED-B940-655FF70DA49D}.Release|x86.ActiveCfg = Release|x86
		{67DB4F26-179E-41ED-B940-655FF70DA49D}.Release|x86.Build.0 = Release|x86
		{995CFDDC-14EB-4395-8FB5-B587BFF3AF8F}.Debug|Any CPU.ActiveCfg = Debug|Any CPU
		{995CFDDC-14EB-4395-8FB5-B587BFF3AF8F}.Debug|Any CPU.Build.0 = Debug|Any CPU
		{995CFDDC-14EB-4395-8FB5-B587BFF3AF8F}.Debug|x86.ActiveCfg = Debug|x86
		{995CFDDC-14EB-4395-8FB5-B587BFF3AF8F}.Debug|x86.Build.0 = Debug|x86
		{995CFDDC-14EB-4395-8FB5-B587BFF3AF8F}.Release|Any CPU.ActiveCfg = Release|Any CPU
		{995CFDDC-14EB-4395-8FB5-B587BFF3AF8F}.Release|Any CPU.Build.0 = Release|Any CPU
		{995CFDDC-14EB-4395-8FB5-B587BFF3AF8F}.Release|x86.ActiveCfg = Release|x86
		{995CFDDC-14EB-4395-8FB5-B587BFF3AF8F}.Release|x86.Build.0 = Release|x86
		{ED4FBE3E-3B16-4FD2-AB1E-5BFD34CA32E4}.Debug|Any CPU.ActiveCfg = Debug|Any CPU
		{ED4FBE3E-3B16-4FD2-AB1E-5BFD34CA32E4}.Debug|Any CPU.Build.0 = Debug|Any CPU
		{ED4FBE3E-3B16-4FD2-AB1E-5BFD34CA32E4}.Debug|x86.ActiveCfg = Debug|Any CPU
		{ED4FBE3E-3B16-4FD2-AB1E-5BFD34CA32E4}.Debug|x86.Build.0 = Debug|Any CPU
		{ED4FBE3E-3B16-4FD2-AB1E-5BFD34CA32E4}.Release|Any CPU.ActiveCfg = Release|Any CPU
		{ED4FBE3E-3B16-4FD2-AB1E-5BFD34CA32E4}.Release|Any CPU.Build.0 = Release|Any CPU
		{ED4FBE3E-3B16-4FD2-AB1E-5BFD34CA32E4}.Release|x86.ActiveCfg = Release|Any CPU
		{ED4FBE3E-3B16-4FD2-AB1E-5BFD34CA32E4}.Release|x86.Build.0 = Release|Any CPU
		{DE067989-5456-45F9-98D6-99E5BD42C6B6}.Debug|Any CPU.ActiveCfg = Debug|Any CPU
		{DE067989-5456-45F9-98D6-99E5BD42C6B6}.Debug|Any CPU.Build.0 = Debug|Any CPU
		{DE067989-5456-45F9-98D6-99E5BD42C6B6}.Debug|x86.ActiveCfg = Debug|x86
		{DE067989-5456-45F9-98D6-99E5BD42C6B6}.Debug|x86.Build.0 = Debug|x86
		{DE067989-5456-45F9-98D6-99E5BD42C6B6}.Release|Any CPU.ActiveCfg = Release|Any CPU
		{DE067989-5456-45F9-98D6-99E5BD42C6B6}.Release|Any CPU.Build.0 = Release|Any CPU
		{DE067989-5456-45F9-98D6-99E5BD42C6B6}.Release|x86.ActiveCfg = Release|x86
		{DE067989-5456-45F9-98D6-99E5BD42C6B6}.Release|x86.Build.0 = Release|x86
		{327BACD9-E2F0-4901-8B2E-1639B7FCED6D}.Debug|Any CPU.ActiveCfg = Debug|Any CPU
		{327BACD9-E2F0-4901-8B2E-1639B7FCED6D}.Debug|Any CPU.Build.0 = Debug|Any CPU
		{327BACD9-E2F0-4901-8B2E-1639B7FCED6D}.Debug|x86.ActiveCfg = Debug|x86
		{327BACD9-E2F0-4901-8B2E-1639B7FCED6D}.Debug|x86.Build.0 = Debug|x86
		{327BACD9-E2F0-4901-8B2E-1639B7FCED6D}.Release|Any CPU.ActiveCfg = Release|Any CPU
		{327BACD9-E2F0-4901-8B2E-1639B7FCED6D}.Release|Any CPU.Build.0 = Release|Any CPU
		{327BACD9-E2F0-4901-8B2E-1639B7FCED6D}.Release|x86.ActiveCfg = Release|x86
		{327BACD9-E2F0-4901-8B2E-1639B7FCED6D}.Release|x86.Build.0 = Release|x86
		{0CDA2A3C-9CAD-4BA5-80B3-F63116337FE0}.Debug|Any CPU.ActiveCfg = Debug|Any CPU
		{0CDA2A3C-9CAD-4BA5-80B3-F63116337FE0}.Debug|Any CPU.Build.0 = Debug|Any CPU
		{0CDA2A3C-9CAD-4BA5-80B3-F63116337FE0}.Debug|x86.ActiveCfg = Debug|Any CPU
		{0CDA2A3C-9CAD-4BA5-80B3-F63116337FE0}.Debug|x86.Build.0 = Debug|Any CPU
		{0CDA2A3C-9CAD-4BA5-80B3-F63116337FE0}.Release|Any CPU.ActiveCfg = Release|Any CPU
		{0CDA2A3C-9CAD-4BA5-80B3-F63116337FE0}.Release|Any CPU.Build.0 = Release|Any CPU
		{0CDA2A3C-9CAD-4BA5-80B3-F63116337FE0}.Release|x86.ActiveCfg = Release|Any CPU
		{0CDA2A3C-9CAD-4BA5-80B3-F63116337FE0}.Release|x86.Build.0 = Release|Any CPU
	EndGlobalSection
	GlobalSection(SolutionProperties) = preSolution
		HideSolutionNode = FALSE
	EndGlobalSection
	GlobalSection(NestedProjects) = preSolution
		{9D123B96-F0E0-43F9-8E06-BBB6E6846DD6} = {2D2E020A-7FB5-4C93-BE52-39D07EFEF3DF}
		{340CA135-B7A9-48CE-87D7-92C2BA7C0B07} = {55EFD2F6-2211-4882-B1BA-D603EAF46107}
		{67DB4F26-179E-41ED-B940-655FF70DA49D} = {55EFD2F6-2211-4882-B1BA-D603EAF46107}
		{995CFDDC-14EB-4395-8FB5-B587BFF3AF8F} = {55EFD2F6-2211-4882-B1BA-D603EAF46107}
		{ED4FBE3E-3B16-4FD2-AB1E-5BFD34CA32E4} = {B94043AE-C55E-4F46-91A8-E06FFA1A300B}
		{DE067989-5456-45F9-98D6-99E5BD42C6B6} = {B94043AE-C55E-4F46-91A8-E06FFA1A300B}
		{327BACD9-E2F0-4901-8B2E-1639B7FCED6D} = {B94043AE-C55E-4F46-91A8-E06FFA1A300B}
		{0CDA2A3C-9CAD-4BA5-80B3-F63116337FE0} = {B94043AE-C55E-4F46-91A8-E06FFA1A300B}
	EndGlobalSection
	GlobalSection(ExtensibilityGlobals) = postSolution
		SolutionGuid = {2E35E3FB-7EB2-44AE-B741-E85DE673103E}
	EndGlobalSection
EndGlobal
